// !$*UTF8*$!
{
	archiveVersion = 1;
	classes = {
	};
	objectVersion = 77;
	objects = {

/* Begin PBXBuildFile section */
		FA9B80EF2FB6D0A80002AA74 /* ASKCore in Frameworks */ = {isa = PBXBuildFile; productRef = FA9B80EE2FB6D0A80002AA74 /* ASKCore */; };
		FA9B80F22FB6D0B50002AA74 /* Knit in Frameworks */ = {isa = PBXBuildFile; productRef = FA9B80F12FB6D0B50002AA74 /* Knit */; };
		FA9B80F42FB6D0B50002AA74 /* KnitMacros in Frameworks */ = {isa = PBXBuildFile; productRef = FA9B80F32FB6D0B50002AA74 /* KnitMacros */; };
		FA9B80F72FB6D0C50002AA74 /* ASKCoordinator in Frameworks */ = {isa = PBXBuildFile; productRef = FA9B80F62FB6D0C50002AA74 /* ASKCoordinator */; };
		FA9B82092FB918000002AA74 /* Speech.framework in Frameworks */ = {isa = PBXBuildFile; fileRef = FA9B82082FB918000002AA74 /* Speech.framework */; };
		FA9B820B2FB918000002AA74 /* AVFoundation.framework in Frameworks */ = {isa = PBXBuildFile; fileRef = FA9B820A2FB918000002AA74 /* AVFoundation.framework */; };
		FAE6B08A2FB6DA1100F2B0F7 /* knitconfig.json in Resources */ = {isa = PBXBuildFile; fileRef = FAE6B0892FB6DA1100F2B0F7 /* knitconfig.json */; };
/* End PBXBuildFile section */

/* Begin PBXContainerItemProxy section */
		FAE6B0E92FB6F50B00F2B0F7 /* PBXContainerItemProxy */ = {
			isa = PBXContainerItemProxy;
			containerPortal = FA9B80D62FB6D0880002AA74 /* Project object */;
			proxyType = 1;
			remoteGlobalIDString = FA9B80DD2FB6D0880002AA74;
			remoteInfo = CalisTree;
		};
/* End PBXContainerItemProxy section */

/* Begin PBXFileReference section */
		FA9B80DE2FB6D0880002AA74 /* CalisTree.app */ = {isa = PBXFileReference; explicitFileType = wrapper.application; includeInIndex = 0; path = CalisTree.app; sourceTree = BUILT_PRODUCTS_DIR; };
		FA9B82082FB918000002AA74 /* Speech.framework */ = {isa = PBXFileReference; lastKnownFileType = wrapper.framework; name = Speech.framework; path = System/Library/Frameworks/Speech.framework; sourceTree = SDKROOT; };
		FA9B820A2FB918000002AA74 /* AVFoundation.framework */ = {isa = PBXFileReference; lastKnownFileType = wrapper.framework; name = AVFoundation.framework; path = System/Library/Frameworks/AVFoundation.framework; sourceTree = SDKROOT; };
		FAE6B0892FB6DA1100F2B0F7 /* knitconfig.json */ = {isa = PBXFileReference; lastKnownFileType = text.json; path = knitconfig.json; sourceTree = "<group>"; };
		FAE6B0E52FB6F50B00F2B0F7 /* CalisTreeTests.xctest */ = {isa = PBXFileReference; explicitFileType = wrapper.cfbundle; includeInIndex = 0; path = CalisTreeTests.xctest; sourceTree = BUILT_PRODUCTS_DIR; };
/* End PBXFileReference section */

/* Begin PBXFileSystemSynchronizedRootGroup section */
		FA9B80E02FB6D0880002AA74 /* CalisTree */ = {
			isa = PBXFileSystemSynchronizedRootGroup;
			path = CalisTree;
			sourceTree = "<group>";
		};
		FAE6B0E62FB6F50B00F2B0F7 /* CalisTreeTests */ = {
			isa = PBXFileSystemSynchronizedRootGroup;
			path = CalisTreeTests;
			sourceTree = "<group>";
		};
/* End PBXFileSystemSynchronizedRootGroup section */

/* Begin PBXFrameworksBuildPhase section */
		FA9B80DB2FB6D0880002AA74 /* Frameworks */ = {
			isa = PBXFrameworksBuildPhase;
			buildActionMask = 2147483647;
			files = (
				FA9B820B2FB918000002AA74 /* AVFoundation.framework in Frameworks */,
				FA9B82092FB918000002AA74 /* Speech.framework in Frameworks */,
				FA9B80F22FB6D0B50002AA74 /* Knit in Frameworks */,
				FA9B80F72FB6D0C50002AA74 /* ASKCoordinator in Frameworks */,
				FA9B80F42FB6D0B50002AA74 /* KnitMacros in Frameworks */,
				FA9B80EF2FB6D0A80002AA74 /* ASKCore in Frameworks */,
			);
			runOnlyForDeploymentPostprocessing = 0;
		};
		FAE6B0E22FB6F50B00F2B0F7 /* Frameworks */ = {
			isa = PBXFrameworksBuildPhase;
			buildActionMask = 2147483647;
			files = (
			);
			runOnlyForDeploymentPostprocessing = 0;
		};
/* End PBXFrameworksBuildPhase section */

/* Begin PBXGroup section */
		FA8F6FF12FB81D8E0041808B /* Recovered References */ = {
			isa = PBXGroup;
			children = (
				FA9B820A2FB918000002AA74 /* AVFoundation.framework */,
				FA9B82082FB918000002AA74 /* Speech.framework */,
			);
			name = "Recovered References";
			sourceTree = "<group>";
		};
		FA9B80D52FB6D0880002AA74 = {
			isa = PBXGroup;
			children = (
				FAE6B0892FB6DA1100F2B0F7 /* knitconfig.json */,
				FA9B80E02FB6D0880002AA74 /* CalisTree */,
				FAE6B0E62FB6F50B00F2B0F7 /* CalisTreeTests */,
				FA9B80DF2FB6D0880002AA74 /* Products */,
				FA8F6FF12FB81D8E0041808B /* Recovered References */,
			);
			sourceTree = "<group>";
		};
		FA9B80DF2FB6D0880002AA74 /* Products */ = {
			isa = PBXGroup;
			children = (
				FA9B80DE2FB6D0880002AA74 /* CalisTree.app */,
				FAE6B0E52FB6F50B00F2B0F7 /* CalisTreeTests.xctest */,
			);
			name = Products;
			sourceTree = "<group>";
		};
/* End PBXGroup section */

/* Begin PBXNativeTarget section */
		FA9B80DD2FB6D0880002AA74 /* CalisTree */ = {
			isa = PBXNativeTarget;
			buildConfigurationList = FA9B80E92FB6D0890002AA74 /* Build configuration list for PBXNativeTarget "CalisTree" */;
			buildPhases = (
				FA9B80DA2FB6D0880002AA74 /* Sources */,
				FA9B80DB2FB6D0880002AA74 /* Frameworks */,
				FA9B80DC2FB6D0880002AA74 /* Resources */,
			);
			buildRules = (
			);
			dependencies = (
				FAE6B08C2FB6DA1D00F2B0F7 /* PBXTargetDependency */,
			);
			fileSystemSynchronizedGroups = (
				FA9B80E02FB6D0880002AA74 /* CalisTree */,
			);
			name = CalisTree;
			packageProductDependencies = (
				FA9B80EE2FB6D0A80002AA74 /* ASKCore */,
				FA9B80F12FB6D0B50002AA74 /* Knit */,
				FA9B80F32FB6D0B50002AA74 /* KnitMacros */,
				FA9B80F62FB6D0C50002AA74 /* ASKCoordinator */,
			);
			productName = CalisTree;
			productReference = FA9B80DE2FB6D0880002AA74 /* CalisTree.app */;
			productType = "com.apple.product-type.application";
		};
		FAE6B0E42FB6F50B00F2B0F7 /* CalisTreeTests */ = {
			isa = PBXNativeTarget;
			buildConfigurationList = FAE6B0EB2FB6F50B00F2B0F7 /* Build configuration list for PBXNativeTarget "CalisTreeTests" */;
			buildPhases = (
				FAE6B0E12FB6F50B00F2B0F7 /* Sources */,
				FAE6B0E22FB6F50B00F2B0F7 /* Frameworks */,
				FAE6B0E32FB6F50B00F2B0F7 /* Resources */,
			);
			buildRules = (
			);
			dependencies = (
				FAE6B0EA2FB6F50B00F2B0F7 /* PBXTargetDependency */,
			);
			fileSystemSynchronizedGroups = (
				FAE6B0E62FB6F50B00F2B0F7 /* CalisTreeTests */,
			);
			name = CalisTreeTests;
			packageProductDependencies = (
			);
			productName = CalisTreeTests;
			productReference = FAE6B0E52FB6F50B00F2B0F7 /* CalisTreeTests.xctest */;
			productType = "com.apple.product-type.bundle.unit-test";
		};
/* End PBXNativeTarget section */

/* Begin PBXProject section */
		FA9B80D62FB6D0880002AA74 /* Project object */ = {
			isa = PBXProject;
			attributes = {
				BuildIndependentTargetsInParallel = 1;
				LastSwiftUpdateCheck = 2630;
				LastUpgradeCheck = 2630;
				TargetAttributes = {
					FA9B80DD2FB6D0880002AA74 = {
						CreatedOnToolsVersion = 26.3;
					};
					FAE6B0E42FB6F50B00F2B0F7 = {
						CreatedOnToolsVersion = 26.3;
						TestTargetID = FA9B80DD2FB6D0880002AA74;
					};
				};
			};
			buildConfigurationList = FA9B80D92FB6D0880002AA74 /* Build configuration list for PBXProject "CalisTree" */;
			developmentRegion = en;
			hasScannedForEncodings = 0;
			knownRegions = (
				en,
				Base,
			);
			mainGroup = FA9B80D52FB6D0880002AA74;
			minimizedProjectReferenceProxies = 1;
			packageReferences = (
				FA9B80ED2FB6D0A80002AA74 /* XCRemoteSwiftPackageReference "ASKCore" */,
				FA9B80F02FB6D0B50002AA74 /* XCRemoteSwiftPackageReference "knit" */,
				FA9B80F52FB6D0C50002AA74 /* XCRemoteSwiftPackageReference "ASKCoordinator" */,
			);
			preferredProjectObjectVersion = 77;
			productRefGroup = FA9B80DF2FB6D0880002AA74 /* Products */;
			projectDirPath = "";
			projectRoot = "";
			targets = (
				FA9B80DD2FB6D0880002AA74 /* CalisTree */,
				FAE6B0E42FB6F50B00F2B0F7 /* CalisTreeTests */,
			);
		};
/* End PBXProject section */

/* Begin PBXResourcesBuildPhase section */
		FA9B80DC2FB6D0880002AA74 /* Resources */ = {
			isa = PBXResourcesBuildPhase;
			buildActionMask = 2147483647;
			files = (
				FAE6B08A2FB6DA1100F2B0F7 /* knitconfig.json in Resources */,
			);
			runOnlyForDeploymentPostprocessing = 0;
		};
		FAE6B0E32FB6F50B00F2B0F7 /* Resources */ = {
			isa = PBXResourcesBuildPhase;
			buildActionMask = 2147483647;
			files = (
			);
			runOnlyForDeploymentPostprocessing = 0;
		};
/* End PBXResourcesBuildPhase section */

/* Begin PBXSourcesBuildPhase section */
		FA9B80DA2FB6D0880002AA74 /* Sources */ = {
			isa = PBXSourcesBuildPhase;
			buildActionMask = 2147483647;
			files = (
			);
			runOnlyForDeploymentPostprocessing = 0;
		};
		FAE6B0E12FB6F50B00F2B0F7 /* Sources */ = {
			isa = PBXSourcesBuildPhase;
			buildActionMask = 2147483647;
			files = (
			);
			runOnlyForDeploymentPostprocessing = 0;
		};
/* End PBXSourcesBuildPhase section */

/* Begin PBXTargetDependency section */
		FAE6B08C2FB6DA1D00F2B0F7 /* PBXTargetDependency */ = {
			isa = PBXTargetDependency;
			productRef = FAE6B08B2FB6DA1D00F2B0F7 /* KnitBuildPlugin */;
		};
		FAE6B0EA2FB6F50B00F2B0F7 /* PBXTargetDependency */ = {
			isa = PBXTargetDependency;
			target = FA9B80DD2FB6D0880002AA74 /* CalisTree */;
			targetProxy = FAE6B0E92FB6F50B00F2B0F7 /* PBXContainerItemProxy */;
		};
/* End PBXTargetDependency section */

/* Begin XCBuildConfiguration section */
		FA9B80E72FB6D0890002AA74 /* Debug */ = {
			isa = XCBuildConfiguration;
			buildSettings = {
				ALWAYS_SEARCH_USER_PATHS = NO;
				ASSETCATALOG_COMPILER_GENERATE_SWIFT_ASSET_SYMBOL_EXTENSIONS = YES;
				CLANG_ANALYZER_NONNULL = YES;
				CLANG_ANALYZER_NUMBER_OBJECT_CONVERSION = YES_AGGRESSIVE;
				CLANG_CXX_LANGUAGE_STANDARD = "gnu++20";
				CLANG_ENABLE_MODULES = YES;
				CLANG_ENABLE_OBJC_ARC = YES;
				CLANG_ENABLE_OBJC_WEAK = YES;
				CLANG_WARN_BLOCK_CAPTURE_AUTORELEASING = YES;
				CLANG_WARN_BOOL_CONVERSION = YES;
				CLANG_WARN_COMMA = YES;
				CLANG_WARN_CONSTANT_CONVERSION = YES;
				CLANG_WARN_DEPRECATED_OBJC_IMPLEMENTATIONS = YES;
				CLANG_WARN_DIRECT_OBJC_ISA_USAGE = YES_ERROR;
				CLANG_WARN_DOCUMENTATION_COMMENTS = YES;
				CLANG_WARN_EMPTY_BODY = YES;
				CLANG_WARN_ENUM_CONVERSION = YES;
				CLANG_WARN_INFINITE_RECURSION = YES;
				CLANG_WARN_INT_CONVERSION = YES;
				CLANG_WARN_NON_LITERAL_NULL_CONVERSION = YES;
				CLANG_WARN_OBJC_IMPLICIT_RETAIN_SELF = YES;
				CLANG_WARN_OBJC_LITERAL_CONVERSION = YES;
				CLANG_WARN_OBJC_ROOT_CLASS = YES_ERROR;
				CLANG_WARN_QUOTED_INCLUDE_IN_FRAMEWORK_HEADER = YES;
				CLANG_WARN_RANGE_LOOP_ANALYSIS = YES;
				CLANG_WARN_STRICT_PROTOTYPES = YES;
				CLANG_WARN_SUSPICIOUS_MOVE = YES;
				CLANG_WARN_UNGUARDED_AVAILABILITY = YES_AGGRESSIVE;
				CLANG_WARN_UNREACHABLE_CODE = YES;
				CLANG_WARN__DUPLICATE_METHOD_MATCH = YES;
				COPY_PHASE_STRIP = NO;
				DEBUG_INFORMATION_FORMAT = dwarf;
				DEVELOPMENT_TEAM = X4S6MUZL2D;
				ENABLE_STRICT_OBJC_MSGSEND = YES;
				ENABLE_TESTABILITY = YES;
				ENABLE_USER_SCRIPT_SANDBOXING = YES;
				GCC_C_LANGUAGE_STANDARD = gnu17;
				GCC_DYNAMIC_NO_PIC = NO;
				GCC_NO_COMMON_BLOCKS = YES;
				GCC_OPTIMIZATION_LEVEL = 0;
				GCC_PREPROCESSOR_DEFINITIONS = (
					"DEBUG=1",
					"$(inherited)",
				);
				GCC_WARN_64_TO_32_BIT_CONVERSION = YES;
				GCC_WARN_ABOUT_RETURN_TYPE = YES_ERROR;
				GCC_WARN_UNDECLARED_SELECTOR = YES;
				GCC_WARN_UNINITIALIZED_AUTOS = YES_AGGRESSIVE;
				GCC_WARN_UNUSED_FUNCTION = YES;
				GCC_WARN_UNUSED_VARIABLE = YES;
				IPHONEOS_DEPLOYMENT_TARGET = 26.2;
				LOCALIZATION_PREFERS_STRING_CATALOGS = YES;
				MTL_ENABLE_DEBUG_INFO = INCLUDE_SOURCE;
				MTL_FAST_MATH = YES;
				ONLY_ACTIVE_ARCH = YES;
				SDKROOT = iphoneos;
				SWIFT_ACTIVE_COMPILATION_CONDITIONS = "DEBUG $(inherited)";
				SWIFT_OPTIMIZATION_LEVEL = "-Onone";
			};
			name = Debug;
		};
		FA9B80E82FB6D0890002AA74 /* Release */ = {
			isa = XCBuildConfiguration;
			buildSettings = {
				ALWAYS_SEARCH_USER_PATHS = NO;
				ASSETCATALOG_COMPILER_GENERATE_SWIFT_ASSET_SYMBOL_EXTENSIONS = YES;
				CLANG_ANALYZER_NONNULL = YES;
				CLANG_ANALYZER_NUMBER_OBJECT_CONVERSION = YES_AGGRESSIVE;
				CLANG_CXX_LANGUAGE_STANDARD = "gnu++20";
				CLANG_ENABLE_MODULES = YES;
				CLANG_ENABLE_OBJC_ARC = YES;
				CLANG_ENABLE_OBJC_WEAK = YES;
				CLANG_WARN_BLOCK_CAPTURE_AUTORELEASING = YES;
				CLANG_WARN_BOOL_CONVERSION = YES;
				CLANG_WARN_COMMA = YES;
				CLANG_WARN_CONSTANT_CONVERSION = YES;
				CLANG_WARN_DEPRECATED_OBJC_IMPLEMENTATIONS = YES;
				CLANG_WARN_DIRECT_OBJC_ISA_USAGE = YES_ERROR;
				CLANG_WARN_DOCUMENTATION_COMMENTS = YES;
				CLANG_WARN_EMPTY_BODY = YES;
				CLANG_WARN_ENUM_CONVERSION = YES;
				CLANG_WARN_INFINITE_RECURSION = YES;
				CLANG_WARN_INT_CONVERSION = YES;
				CLANG_WARN_NON_LITERAL_NULL_CONVERSION = YES;
				CLANG_WARN_OBJC_IMPLICIT_RETAIN_SELF = YES;
				CLANG_WARN_OBJC_LITERAL_CONVERSION = YES;
				CLANG_WARN_OBJC_ROOT_CLASS = YES_ERROR;
				CLANG_WARN_QUOTED_INCLUDE_IN_FRAMEWORK_HEADER = YES;
				CLANG_WARN_RANGE_LOOP_ANALYSIS = YES;
				CLANG_WARN_STRICT_PROTOTYPES = YES;
				CLANG_WARN_SUSPICIOUS_MOVE = YES;
				CLANG_WARN_UNGUARDED_AVAILABILITY = YES_AGGRESSIVE;
				CLANG_WARN_UNREACHABLE_CODE = YES;
				CLANG_WARN__DUPLICATE_METHOD_MATCH = YES;
				COPY_PHASE_STRIP = NO;
				DEBUG_INFORMATION_FORMAT = "dwarf-with-dsym";
				DEVELOPMENT_TEAM = X4S6MUZL2D;
				ENABLE_NS_ASSERTIONS = NO;
				ENABLE_STRICT_OBJC_MSGSEND = YES;
				ENABLE_USER_SCRIPT_SANDBOXING = YES;
				GCC_C_LANGUAGE_STANDARD = gnu17;
				GCC_NO_COMMON_BLOCKS = YES;
				GCC_WARN_64_TO_32_BIT_CONVERSION = YES;
				GCC_WARN_ABOUT_RETURN_TYPE = YES_ERROR;
				GCC_WARN_UNDECLARED_SELECTOR = YES;
				GCC_WARN_UNINITIALIZED_AUTOS = YES_AGGRESSIVE;
				GCC_WARN_UNUSED_FUNCTION = YES;
				GCC_WARN_UNUSED_VARIABLE = YES;
				IPHONEOS_DEPLOYMENT_TARGET = 26.2;
				LOCALIZATION_PREFERS_STRING_CATALOGS = YES;
				MTL_ENABLE_DEBUG_INFO = NO;
				MTL_FAST_MATH = YES;
				SDKROOT = iphoneos;
				SWIFT_COMPILATION_MODE = wholemodule;
				VALIDATE_PRODUCT = YES;
			};
			name = Release;
		};
		FA9B80EA2FB6D0890002AA74 /* Debug */ = {
			isa = XCBuildConfiguration;
			buildSettings = {
				ASSETCATALOG_COMPILER_APPICON_NAME = Icon;
				ASSETCATALOG_COMPILER_GLOBAL_ACCENT_COLOR_NAME = AccentColor;
				CODE_SIGN_STYLE = Automatic;
				CURRENT_PROJECT_VERSION = 1;
				DEVELOPMENT_TEAM = X4S6MUZL2D;
				ENABLE_PREVIEWS = YES;
				GENERATE_INFOPLIST_FILE = YES;
				INFOPLIST_KEY_CFBundleDisplayName = "Exercise Tree";
				INFOPLIST_KEY_NSMicrophoneUsageDescription = "CalisTree listens for phrases like Start timer and Stop timer while you use the Timer screen.";
				INFOPLIST_KEY_NSSpeechRecognitionUsageDescription = "CalisTree converts your speech into timer commands on your device.";
				INFOPLIST_KEY_UIApplicationSceneManifest_Generation = YES;
				INFOPLIST_KEY_UIApplicationSupportsIndirectInputEvents = YES;
				INFOPLIST_KEY_UILaunchScreen_Generation = YES;
				INFOPLIST_KEY_UISupportedInterfaceOrientations_iPad = "UIInterfaceOrientationPortrait UIInterfaceOrientationPortraitUpsideDown UIInterfaceOrientationLandscapeLeft UIInterfaceOrientationLandscapeRight";
				INFOPLIST_KEY_UISupportedInterfaceOrientations_iPhone = "UIInterfaceOrientationPortrait UIInterfaceOrientationLandscapeLeft UIInterfaceOrientationLandscapeRight";
				IPHONEOS_DEPLOYMENT_TARGET = 18.6;
				LD_RUNPATH_SEARCH_PATHS = (
					"$(inherited)",
					"@executable_path/Frameworks",
				);
				MARKETING_VERSION = 1.0;
				PRODUCT_BUNDLE_IDENTIFIER = com.skorulis.CalisTree;
				PRODUCT_NAME = "$(TARGET_NAME)";
				STRING_CATALOG_GENERATE_SYMBOLS = YES;
				SWIFT_APPROACHABLE_CONCURRENCY = YES;
				SWIFT_DEFAULT_ACTOR_ISOLATION = MainActor;
				SWIFT_EMIT_LOC_STRINGS = YES;
				SWIFT_UPCOMING_FEATURE_MEMBER_IMPORT_VISIBILITY = YES;
				SWIFT_VERSION = 5.0;
				TARGETED_DEVICE_FAMILY = "1,2";
			};
			name = Debug;
		};
		FA9B80EB2FB6D0890002AA74 /* Release */ = {
			isa = XCBuildConfiguration;
			buildSettings = {
				ASSETCATALOG_COMPILER_APPICON_NAME = Icon;
				ASSETCATALOG_COMPILER_GLOBAL_ACCENT_COLOR_NAME = AccentColor;
				CODE_SIGN_STYLE = Automatic;
				CURRENT_PROJECT_VERSION = 1;
				DEVELOPMENT_TEAM = X4S6MUZL2D;
				ENABLE_PREVIEWS = YES;
				GENERATE_INFOPLIST_FILE = YES;
				INFOPLIST_KEY_CFBundleDisplayName = "Exercise Tree";
				INFOPLIST_KEY_NSMicrophoneUsageDescription = "CalisTree listens for phrases like Start timer and Stop timer while you use the Timer screen.";
				INFOPLIST_KEY_NSSpeechRecognitionUsageDescription = "CalisTree converts your speech into timer commands on your device.";
				INFOPLIST_KEY_UIApplicationSceneManifest_Generation = YES;
				INFOPLIST_KEY_UIApplicationSupportsIndirectInputEvents = YES;
				INFOPLIST_KEY_UILaunchScreen_Generation = YES;
				INFOPLIST_KEY_UISupportedInterfaceOrientations_iPad = "UIInterfaceOrientationPortrait UIInterfaceOrientationPortraitUpsideDown UIInterfaceOrientationLandscapeLeft UIInterfaceOrientationLandscapeRight";
				INFOPLIST_KEY_UISupportedInterfaceOrientations_iPhone = "UIInterfaceOrientationPortrait UIInterfaceOrientationLandscapeLeft UIInterfaceOrientationLandscapeRight";
				IPHONEOS_DEPLOYMENT_TARGET = 18.6;
				LD_RUNPATH_SEARCH_PATHS = (
					"$(inherited)",
					"@executable_path/Frameworks",
				);
				MARKETING_VERSION = 1.0;
				PRODUCT_BUNDLE_IDENTIFIER = com.skorulis.CalisTree;
				PRODUCT_NAME = "$(TARGET_NAME)";
				STRING_CATALOG_GENERATE_SYMBOLS = YES;
				SWIFT_APPROACHABLE_CONCURRENCY = YES;
				SWIFT_DEFAULT_ACTOR_ISOLATION = MainActor;
				SWIFT_EMIT_LOC_STRINGS = YES;
				SWIFT_UPCOMING_FEATURE_MEMBER_IMPORT_VISIBILITY = YES;
				SWIFT_VERSION = 5.0;
				TARGETED_DEVICE_FAMILY = "1,2";
			};
			name = Release;
		};
		FAE6B0EC2FB6F50B00F2B0F7 /* Debug */ = {
			isa = XCBuildConfiguration;
			buildSettings = {
				BUNDLE_LOADER = "$(TEST_HOST)";
				CODE_SIGN_STYLE = Automatic;
				CURRENT_PROJECT_VERSION = 1;
				DEVELOPMENT_TEAM = X4S6MUZL2D;
				GENERATE_INFOPLIST_FILE = YES;
				MARKETING_VERSION = 1.0;
				PRODUCT_BUNDLE_IDENTIFIER = com.skorulis.CalisTreeTests;
				PRODUCT_NAME = "$(TARGET_NAME)";
				STRING_CATALOG_GENERATE_SYMBOLS = NO;
				SWIFT_APPROACHABLE_CONCURRENCY = YES;
				SWIFT_EMIT_LOC_STRINGS = NO;
				SWIFT_UPCOMING_FEATURE_MEMBER_IMPORT_VISIBILITY = YES;
				SWIFT_VERSION = 5.0;
				TARGETED_DEVICE_FAMILY = "1,2";
				TEST_HOST = "$(BUILT_PRODUCTS_DIR)/CalisTree.app/$(BUNDLE_EXECUTABLE_FOLDER_PATH)/CalisTree";
			};
			name = Debug;
		};
		FAE6B0ED2FB6F50B00F2B0F7 /* Release */ = {
			isa = XCBuildConfiguration;
			buildSettings = {
				BUNDLE_LOADER = "$(TEST_HOST)";
				CODE_SIGN_STYLE = Automatic;
				CURRENT_PROJECT_VERSION = 1;
				DEVELOPMENT_TEAM = X4S6MUZL2D;
				GENERATE_INFOPLIST_FILE = YES;
				MARKETING_VERSION = 1.0;
				PRODUCT_BUNDLE_IDENTIFIER = com.skorulis.CalisTreeTests;
				PRODUCT_NAME = "$(TARGET_NAME)";
				STRING_CATALOG_GENERATE_SYMBOLS = NO;
				SWIFT_APPROACHABLE_CONCURRENCY = YES;
				SWIFT_EMIT_LOC_STRINGS = NO;
				SWIFT_UPCOMING_FEATURE_MEMBER_IMPORT_VISIBILITY = YES;
				SWIFT_VERSION = 5.0;
				TARGETED_DEVICE_FAMILY = "1,2";
				TEST_HOST = "$(BUILT_PRODUCTS_DIR)/CalisTree.app/$(BUNDLE_EXECUTABLE_FOLDER_PATH)/CalisTree";
			};
			name = Release;
		};
/* End XCBuildConfiguration section */

/* Begin XCConfigurationList section */
		FA9B80D92FB6D0880002AA74 /* Build configuration list for PBXProject "CalisTree" */ = {
			isa = XCConfigurationList;
			buildConfigurations = (
				FA9B80E72FB6D0890002AA74 /* Debug */,
				FA9B80E82FB6D0890002AA74 /* Release */,
			);
			defaultConfigurationIsVisible = 0;
			defaultConfigurationName = Release;
		};
		FA9B80E92FB6D0890002AA74 /* Build configuration list for PBXNativeTarget "CalisTree" */ = {
			isa = XCConfigurationList;
			buildConfigurations = (
				FA9B80EA2FB6D0890002AA74 /* Debug */,
				FA9B80EB2FB6D0890002AA74 /* Release */,
			);
			defaultConfigurationIsVisible = 0;
			defaultConfigurationName = Release;
		};
		FAE6B0EB2FB6F50B00F2B0F7 /* Build configuration list for PBXNativeTarget "CalisTreeTests" */ = {
			isa = XCConfigurationList;
			buildConfigurations = (
				FAE6B0EC2FB6F50B00F2B0F7 /* Debug */,
				FAE6B0ED2FB6F50B00F2B0F7 /* Release */,
			);
			defaultConfigurationIsVisible = 0;
			defaultConfigurationName = Release;
		};
/* End XCConfigurationList section */

/* Begin XCRemoteSwiftPackageReference section */
		FA9B80ED2FB6D0A80002AA74 /* XCRemoteSwiftPackageReference "ASKCore" */ = {
			isa = XCRemoteSwiftPackageReference;
			repositoryURL = "https://github.com/skorulis/ASKCore";
			requirement = {
				branch = main;
				kind = branch;
			};
		};
		FA9B80F02FB6D0B50002AA74 /* XCRemoteSwiftPackageReference "knit" */ = {
			isa = XCRemoteSwiftPackageReference;
			repositoryURL = "https://github.com/cashapp/knit";
			requirement = {
				branch = main;
				kind = branch;
			};
		};
		FA9B80F52FB6D0C50002AA74 /* XCRemoteSwiftPackageReference "ASKCoordinator" */ = {
			isa = XCRemoteSwiftPackageReference;
			repositoryURL = "https://github.com/skorulis/ASKCoordinator";
			requirement = {
				branch = main;
				kind = branch;
			};
		};
/* End XCRemoteSwiftPackageReference section */

/* Begin XCSwiftPackageProductDependency section */
		FA9B80EE2FB6D0A80002AA74 /* ASKCore */ = {
			isa = XCSwiftPackageProductDependency;
			package = FA9B80ED2FB6D0A80002AA74 /* XCRemoteSwiftPackageReference "ASKCore" */;
			productName = ASKCore;
		};
		FA9B80F12FB6D0B50002AA74 /* Knit */ = {
			isa = XCSwiftPackageProductDependency;
			package = FA9B80F02FB6D0B50002AA74 /* XCRemoteSwiftPackageReference "knit" */;
			productName = Knit;
		};
		FA9B80F32FB6D0B50002AA74 /* KnitMacros */ = {
			isa = XCSwiftPackageProductDependency;
			package = FA9B80F02FB6D0B50002AA74 /* XCRemoteSwiftPackageReference "knit" */;
			productName = KnitMacros;
		};
		FA9B80F62FB6D0C50002AA74 /* ASKCoordinator */ = {
			isa = XCSwiftPackageProductDependency;
			package = FA9B80F52FB6D0C50002AA74 /* XCRemoteSwiftPackageReference "ASKCoordinator" */;
			productName = ASKCoordinator;
		};
		FAE6B08B2FB6DA1D00F2B0F7 /* KnitBuildPlugin */ = {
			isa = XCSwiftPackageProductDependency;
			package = FA9B80F02FB6D0B50002AA74 /* XCRemoteSwiftPackageReference "knit" */;
			productName = "plugin:KnitBuildPlugin";
		};
/* End XCSwiftPackageProductDependency section */
	};
	rootObject = FA9B80D62FB6D0880002AA74 /* Project object */;
}
